// !$*UTF8*$!
{
	archiveVersion = 1;
	classes = {
	};
	objectVersion = 56;
	objects = {

/* Begin PBXBuildFile section */
		094992D72C2BA41000675735 /* MovieEntertainmentAppApp.swift in Sources */ = {isa = PBXBuildFile; fileRef = 094992D62C2BA41000675735 /* MovieEntertainmentAppApp.swift */; };
		094992D92C2BA41000675735 /* ContentView.swift in Sources */ = {isa = PBXBuildFile; fileRef = 094992D82C2BA41000675735 /* ContentView.swift */; };
		094992DB2C2BA41200675735 /* Assets.xcassets in Resources */ = {isa = PBXBuildFile; fileRef = 094992DA2C2BA41200675735 /* Assets.xcassets */; };
		094992DE2C2BA41200675735 /* Preview Assets.xcassets in Resources */ = {isa = PBXBuildFile; fileRef = 094992DD2C2BA41200675735 /* Preview Assets.xcassets */; };
		094992E62C2BB0F200675735 /* TrendingMoviesView.swift in Sources */ = {isa = PBXBuildFile; fileRef = 094992E52C2BB0F200675735 /* TrendingMoviesView.swift */; };
		094992E82C2BB13200675735 /* TrendingShowsView.swift in Sources */ = {isa = PBXBuildFile; fileRef = 094992E72C2BB13200675735 /* TrendingShowsView.swift */; };
		094992EA2C2BB17900675735 /* MovieSearchView.swift in Sources */ = {isa = PBXBuildFile; fileRef = 094992E92C2BB17900675735 /* MovieSearchView.swift */; };
		094992EC2C2BB3BC00675735 /* TVSearchView.swift in Sources */ = {isa = PBXBuildFile; fileRef = 094992EB2C2BB3BC00675735 /* TVSearchView.swift */; };
		094992EF2C2BC6F600675735 /* TrendingMoviesPresenter.swift in Sources */ = {isa = PBXBuildFile; fileRef = 094992EE2C2BC6F600675735 /* TrendingMoviesPresenter.swift */; };
		094992F12C2BC94100675735 /* TrendingShowsPresenter.swift in Sources */ = {isa = PBXBuildFile; fileRef = 094992F02C2BC94100675735 /* TrendingShowsPresenter.swift */; };
		094992F32C2BCAAF00675735 /* MovieSearchPresenter.swift in Sources */ = {isa = PBXBuildFile; fileRef = 094992F22C2BCAAF00675735 /* MovieSearchPresenter.swift */; };
		094992F52C2BCB8A00675735 /* TVSearchPresenter.swift in Sources */ = {isa = PBXBuildFile; fileRef = 094992F42C2BCB8A00675735 /* TVSearchPresenter.swift */; };
		094992FE2C2C708E00675735 /* AppCoordinatorProtocol.swift in Sources */ = {isa = PBXBuildFile; fileRef = 094992FD2C2C708E00675735 /* AppCoordinatorProtocol.swift */; };
		094993012C2C70EA00675735 /* AppCoordinator.swift in Sources */ = {isa = PBXBuildFile; fileRef = 094993002C2C70EA00675735 /* AppCoordinator.swift */; };
		094993032C2C87B800675735 /* TrendingMoviesTab.swift in Sources */ = {isa = PBXBuildFile; fileRef = 094993022C2C87B800675735 /* TrendingMoviesTab.swift */; };
		094993052C2C87E600675735 /* TrendingShowsTab.swift in Sources */ = {isa = PBXBuildFile; fileRef = 094993042C2C87E600675735 /* TrendingShowsTab.swift */; };
		094993072C2C882000675735 /* MovieSearchTab.swift in Sources */ = {isa = PBXBuildFile; fileRef = 094993062C2C882000675735 /* MovieSearchTab.swift */; };
		094993092C2C888B00675735 /* TVSearchTab.swift in Sources */ = {isa = PBXBuildFile; fileRef = 094993082C2C888B00675735 /* TVSearchTab.swift */; };
/* End PBXBuildFile section */

/* Begin PBXFileReference section */
		094992D32C2BA41000675735 /* MovieEntertainmentApp.app */ = {isa = PBXFileReference; explicitFileType = wrapper.application; includeInIndex = 0; path = MovieEntertainmentApp.app; sourceTree = BUILT_PRODUCTS_DIR; };
		094992D62C2BA41000675735 /* MovieEntertainmentAppApp.swift */ = {isa = PBXFileReference; lastKnownFileType = sourcecode.swift; path = MovieEntertainmentAppApp.swift; sourceTree = "<group>"; };
		094992D82C2BA41000675735 /* ContentView.swift */ = {isa = PBXFileReference; lastKnownFileType = sourcecode.swift; path = ContentView.swift; sourceTree = "<group>"; };
		094992DA2C2BA41200675735 /* Assets.xcassets */ = {isa = PBXFileReference; lastKnownFileType = folder.assetcatalog; path = Assets.xcassets; sourceTree = "<group>"; };
		094992DD2C2BA41200675735 /* Preview Assets.xcassets */ = {isa = PBXFileReference; lastKnownFileType = folder.assetcatalog; path = "Preview Assets.xcassets"; sourceTree = "<group>"; };
		094992E52C2BB0F200675735 /* TrendingMoviesView.swift */ = {isa = PBXFileReference; lastKnownFileType = sourcecode.swift; path = TrendingMoviesView.swift; sourceTree = "<group>"; };
		094992E72C2BB13200675735 /* TrendingShowsView.swift */ = {isa = PBXFileReference; lastKnownFileType = sourcecode.swift; path = TrendingShowsView.swift; sourceTree = "<group>"; };
		094992E92C2BB17900675735 /* MovieSearchView.swift */ = {isa = PBXFileReference; lastKnownFileType = sourcecode.swift; path = MovieSearchView.swift; sourceTree = "<group>"; };
		094992EB2C2BB3BC00675735 /* TVSearchView.swift */ = {isa = PBXFileReference; lastKnownFileType = sourcecode.swift; path = TVSearchView.swift; sourceTree = "<group>"; };
		094992EE2C2BC6F600675735 /* TrendingMoviesPresenter.swift */ = {isa = PBXFileReference; lastKnownFileType = sourcecode.swift; path = TrendingMoviesPresenter.swift; sourceTree = "<group>"; };
		094992F02C2BC94100675735 /* TrendingShowsPresenter.swift */ = {isa = PBXFileReference; lastKnownFileType = sourcecode.swift; path = TrendingShowsPresenter.swift; sourceTree = "<group>"; };
		094992F22C2BCAAF00675735 /* MovieSearchPresenter.swift */ = {isa = PBXFileReference; lastKnownFileType = sourcecode.swift; path = MovieSearchPresenter.swift; sourceTree = "<group>"; };
		094992F42C2BCB8A00675735 /* TVSearchPresenter.swift */ = {isa = PBXFileReference; lastKnownFileType = sourcecode.swift; path = TVSearchPresenter.swift; sourceTree = "<group>"; };
		094992FD2C2C708E00675735 /* AppCoordinatorProtocol.swift */ = {isa = PBXFileReference; lastKnownFileType = sourcecode.swift; path = AppCoordinatorProtocol.swift; sourceTree = "<group>"; };
		094993002C2C70EA00675735 /* AppCoordinator.swift */ = {isa = PBXFileReference; lastKnownFileType = sourcecode.swift; path = AppCoordinator.swift; sourceTree = "<group>"; };
		094993022C2C87B800675735 /* TrendingMoviesTab.swift */ = {isa = PBXFileReference; lastKnownFileType = sourcecode.swift; path = TrendingMoviesTab.swift; sourceTree = "<group>"; };
		094993042C2C87E600675735 /* TrendingShowsTab.swift */ = {isa = PBXFileReference; lastKnownFileType = sourcecode.swift; path = TrendingShowsTab.swift; sourceTree = "<group>"; };
		094993062C2C882000675735 /* MovieSearchTab.swift */ = {isa = PBXFileReference; lastKnownFileType = sourcecode.swift; path = MovieSearchTab.swift; sourceTree = "<group>"; };
		094993082C2C888B00675735 /* TVSearchTab.swift */ = {isa = PBXFileReference; lastKnownFileType = sourcecode.swift; path = TVSearchTab.swift; sourceTree = "<group>"; };
/* End PBXFileReference section */

/* Begin PBXFrameworksBuildPhase section */
		094992D02C2BA41000675735 /* Frameworks */ = {
			isa = PBXFrameworksBuildPhase;
			buildActionMask = 2147483647;
			files = (
			);
			runOnlyForDeploymentPostprocessing = 0;
		};
/* End PBXFrameworksBuildPhase section */

/* Begin PBXGroup section */
		094992CA2C2BA41000675735 = {
			isa = PBXGroup;
			children = (
				094992D52C2BA41000675735 /* MovieEntertainmentApp */,
				094992D42C2BA41000675735 /* Products */,
			);
			sourceTree = "<group>";
		};
		094992D42C2BA41000675735 /* Products */ = {
			isa = PBXGroup;
			children = (
				094992D32C2BA41000675735 /* MovieEntertainmentApp.app */,
			);
			name = Products;
			sourceTree = "<group>";
		};
		094992D52C2BA41000675735 /* MovieEntertainmentApp */ = {
			isa = PBXGroup;
			children = (
				094992FF2C2C70B000675735 /* Coordinator */,
				094992FC2C2C705D00675735 /* Protocol */,
				094992ED2C2BC6CF00675735 /* Presenters */,
				094992E42C2BB0BD00675735 /* Views */,
				094992D62C2BA41000675735 /* MovieEntertainmentAppApp.swift */,
				094992DA2C2BA41200675735 /* Assets.xcassets */,
				094992DC2C2BA41200675735 /* Preview Content */,
			);
			path = MovieEntertainmentApp;
			sourceTree = "<group>";
		};
		094992DC2C2BA41200675735 /* Preview Content */ = {
			isa = PBXGroup;
			children = (
				094992DD2C2BA41200675735 /* Preview Assets.xcassets */,
			);
			path = "Preview Content";
			sourceTree = "<group>";
		};
		094992E42C2BB0BD00675735 /* Views */ = {
			isa = PBXGroup;
			children = (
				094992D82C2BA41000675735 /* ContentView.swift */,
				094992E52C2BB0F200675735 /* TrendingMoviesView.swift */,
				094992E72C2BB13200675735 /* TrendingShowsView.swift */,
				094992E92C2BB17900675735 /* MovieSearchView.swift */,
				094992EB2C2BB3BC00675735 /* TVSearchView.swift */,
				094993022C2C87B800675735 /* TrendingMoviesTab.swift */,
				094993042C2C87E600675735 /* TrendingShowsTab.swift */,
				094993062C2C882000675735 /* MovieSearchTab.swift */,
				094993082C2C888B00675735 /* TVSearchTab.swift */,
			);
			path = Views;
			sourceTree = "<group>";
		};
		094992ED2C2BC6CF00675735 /* Presenters */ = {
			isa = PBXGroup;
			children = (
				094992EE2C2BC6F600675735 /* TrendingMoviesPresenter.swift */,
				094992F02C2BC94100675735 /* TrendingShowsPresenter.swift */,
				094992F22C2BCAAF00675735 /* MovieSearchPresenter.swift */,
				094992F42C2BCB8A00675735 /* TVSearchPresenter.swift */,
			);
			path = Presenters;
			sourceTree = "<group>";
		};
		094992FC2C2C705D00675735 /* Protocol */ = {
			isa = PBXGroup;
			children = (
				094992FD2C2C708E00675735 /* AppCoordinatorProtocol.swift */,
			);
			path = Protocol;
			sourceTree = "<group>";
		};
		094992FF2C2C70B000675735 /* Coordinator */ = {
			isa = PBXGroup;
			children = (
				094993002C2C70EA00675735 /* AppCoordinator.swift */,
			);
			path = Coordinator;
			sourceTree = "<group>";
		};
/* End PBXGroup section */

/* Begin PBXNativeTarget section */
		094992D22C2BA41000675735 /* MovieEntertainmentApp */ = {
			isa = PBXNativeTarget;
			buildConfigurationList = 094992E12C2BA41200675735 /* Build configuration list for PBXNativeTarget "MovieEntertainmentApp" */;
			buildPhases = (
				094992CF2C2BA41000675735 /* Sources */,
				094992D02C2BA41000675735 /* Frameworks */,
				094992D12C2BA41000675735 /* Resources */,
			);
			buildRules = (
			);
			dependencies = (
			);
			name = MovieEntertainmentApp;
			productName = MovieEntertainmentApp;
			productReference = 094992D32C2BA41000675735 /* MovieEntertainmentApp.app */;
			productType = "com.apple.product-type.application";
		};
/* End PBXNativeTarget section */

/* Begin PBXProject section */
		094992CB2C2BA41000675735 /* Project object */ = {
			isa = PBXProject;
			attributes = {
				BuildIndependentTargetsInParallel = 1;
				LastSwiftUpdateCheck = 1540;
				LastUpgradeCheck = 1540;
				TargetAttributes = {
					094992D22C2BA41000675735 = {
						CreatedOnToolsVersion = 15.4;
					};
				};
			};
			buildConfigurationList = 094992CE2C2BA41000675735 /* Build configuration list for PBXProject "MovieEntertainmentApp" */;
			compatibilityVersion = "Xcode 14.0";
			developmentRegion = en;
			hasScannedForEncodings = 0;
			knownRegions = (
				en,
				Base,
			);
			mainGroup = 094992CA2C2BA41000675735;
			productRefGroup = 094992D42C2BA41000675735 /* Products */;
			projectDirPath = "";
			projectRoot = "";
			targets = (
				094992D22C2BA41000675735 /* MovieEntertainmentApp */,
			);
		};
/* End PBXProject section */

/* Begin PBXResourcesBuildPhase section */
		094992D12C2BA41000675735 /* Resources */ = {
			isa = PBXResourcesBuildPhase;
			buildActionMask = 2147483647;
			files = (
				094992DE2C2BA41200675735 /* Preview Assets.xcassets in Resources */,
				094992DB2C2BA41200675735 /* Assets.xcassets in Resources */,
			);
			runOnlyForDeploymentPostprocessing = 0;
		};
/* End PBXResourcesBuildPhase section */

/* Begin PBXSourcesBuildPhase section */
		094992CF2C2BA41000675735 /* Sources */ = {
			isa = PBXSourcesBuildPhase;
			buildActionMask = 2147483647;
			files = (
				094993012C2C70EA00675735 /* AppCoordinator.swift in Sources */,
				094992FE2C2C708E00675735 /* AppCoordinatorProtocol.swift in Sources */,
				094992EA2C2BB17900675735 /* MovieSearchView.swift in Sources */,
				094993092C2C888B00675735 /* TVSearchTab.swift in Sources */,
				094993032C2C87B800675735 /* TrendingMoviesTab.swift in Sources */,
				094992F32C2BCAAF00675735 /* MovieSearchPresenter.swift in Sources */,
				094993072C2C882000675735 /* MovieSearchTab.swift in Sources */,
				094992F52C2BCB8A00675735 /* TVSearchPresenter.swift in Sources */,
				094992E82C2BB13200675735 /* TrendingShowsView.swift in Sources */,
				094992EC2C2BB3BC00675735 /* TVSearchView.swift in Sources */,
				094992EF2C2BC6F600675735 /* TrendingMoviesPresenter.swift in Sources */,
				094992E62C2BB0F200675735 /* TrendingMoviesView.swift in Sources */,
				094992D92C2BA41000675735 /* ContentView.swift in Sources */,
				094993052C2C87E600675735 /* TrendingShowsTab.swift in Sources */,
				094992F12C2BC94100675735 /* TrendingShowsPresenter.swift in Sources */,
				094992D72C2BA41000675735 /* MovieEntertainmentAppApp.swift in Sources */,
			);
			runOnlyForDeploymentPostprocessing = 0;
		};
/* End PBXSourcesBuildPhase section */

/* Begin XCBuildConfiguration section */
		094992DF2C2BA41200675735 /* Debug */ = {
			isa = XCBuildConfiguration;
			buildSettings = {
				ALWAYS_SEARCH_USER_PATHS = NO;
				ASSETCATALOG_COMPILER_GENERATE_SWIFT_ASSET_SYMBOL_EXTENSIONS = YES;
				CLANG_ANALYZER_NONNULL = YES;
				CLANG_ANALYZER_NUMBER_OBJECT_CONVERSION = YES_AGGRESSIVE;
				CLANG_CXX_LANGUAGE_STANDARD = "gnu++20";
				CLANG_ENABLE_MODULES = YES;
				CLANG_ENABLE_OBJC_ARC = YES;
				CLANG_ENABLE_OBJC_WEAK = YES;
				CLANG_WARN_BLOCK_CAPTURE_AUTORELEASING = YES;
				CLANG_WARN_BOOL_CONVERSION = YES;
				CLANG_WARN_COMMA = YES;
				CLANG_WARN_CONSTANT_CONVERSION = YES;
				CLANG_WARN_DEPRECATED_OBJC_IMPLEMENTATIONS = YES;
				CLANG_WARN_DIRECT_OBJC_ISA_USAGE = YES_ERROR;
				CLANG_WARN_DOCUMENTATION_COMMENTS = YES;
				CLANG_WARN_EMPTY_BODY = YES;
				CLANG_WARN_ENUM_CONVERSION = YES;
				CLANG_WARN_INFINITE_RECURSION = YES;
				CLANG_WARN_INT_CONVERSION = YES;
				CLANG_WARN_NON_LITERAL_NULL_CONVERSION = YES;
				CLANG_WARN_OBJC_IMPLICIT_RETAIN_SELF = YES;
				CLANG_WARN_OBJC_LITERAL_CONVERSION = YES;
				CLANG_WARN_OBJC_ROOT_CLASS = YES_ERROR;
				CLANG_WARN_QUOTED_INCLUDE_IN_FRAMEWORK_HEADER = YES;
				CLANG_WARN_RANGE_LOOP_ANALYSIS = YES;
				CLANG_WARN_STRICT_PROTOTYPES = YES;
				CLANG_WARN_SUSPICIOUS_MOVE = YES;
				CLANG_WARN_UNGUARDED_AVAILABILITY = YES_AGGRESSIVE;
				CLANG_WARN_UNREACHABLE_CODE = YES;
				CLANG_WARN__DUPLICATE_METHOD_MATCH = YES;
				COPY_PHASE_STRIP = NO;
				DEBUG_INFORMATION_FORMAT = dwarf;
				ENABLE_STRICT_OBJC_MSGSEND = YES;
				ENABLE_TESTABILITY = YES;
				ENABLE_USER_SCRIPT_SANDBOXING = YES;
				GCC_C_LANGUAGE_STANDARD = gnu17;
				GCC_DYNAMIC_NO_PIC = NO;
				GCC_NO_COMMON_BLOCKS = YES;
				GCC_OPTIMIZATION_LEVEL = 0;
				GCC_PREPROCESSOR_DEFINITIONS = (
					"DEBUG=1",
					"$(inherited)",
				);
				GCC_WARN_64_TO_32_BIT_CONVERSION = YES;
				GCC_WARN_ABOUT_RETURN_TYPE = YES_ERROR;
				GCC_WARN_UNDECLARED_SELECTOR = YES;
				GCC_WARN_UNINITIALIZED_AUTOS = YES_AGGRESSIVE;
				GCC_WARN_UNUSED_FUNCTION = YES;
				GCC_WARN_UNUSED_VARIABLE = YES;
				IPHONEOS_DEPLOYMENT_TARGET = 17.5;
				LOCALIZATION_PREFERS_STRING_CATALOGS = YES;
				MTL_ENABLE_DEBUG_INFO = INCLUDE_SOURCE;
				MTL_FAST_MATH = YES;
				ONLY_ACTIVE_ARCH = YES;
				SDKROOT = iphoneos;
				SWIFT_ACTIVE_COMPILATION_CONDITIONS = "DEBUG $(inherited)";
				SWIFT_OPTIMIZATION_LEVEL = "-Onone";
			};
			name = Debug;
		};
		094992E02C2BA41200675735 /* Release */ = {
			isa = XCBuildConfiguration;
			buildSettings = {
				ALWAYS_SEARCH_USER_PATHS = NO;
				ASSETCATALOG_COMPILER_GENERATE_SWIFT_ASSET_SYMBOL_EXTENSIONS = YES;
				CLANG_ANALYZER_NONNULL = YES;
				CLANG_ANALYZER_NUMBER_OBJECT_CONVERSION = YES_AGGRESSIVE;
				CLANG_CXX_LANGUAGE_STANDARD = "gnu++20";
				CLANG_ENABLE_MODULES = YES;
				CLANG_ENABLE_OBJC_ARC = YES;
				CLANG_ENABLE_OBJC_WEAK = YES;
				CLANG_WARN_BLOCK_CAPTURE_AUTORELEASING = YES;
				CLANG_WARN_BOOL_CONVERSION = YES;
				CLANG_WARN_COMMA = YES;
				CLANG_WARN_CONSTANT_CONVERSION = YES;
				CLANG_WARN_DEPRECATED_OBJC_IMPLEMENTATIONS = YES;
				CLANG_WARN_DIRECT_OBJC_ISA_USAGE = YES_ERROR;
				CLANG_WARN_DOCUMENTATION_COMMENTS = YES;
				CLANG_WARN_EMPTY_BODY = YES;
				CLANG_WARN_ENUM_CONVERSION = YES;
				CLANG_WARN_INFINITE_RECURSION = YES;
				CLANG_WARN_INT_CONVERSION = YES;
				CLANG_WARN_NON_LITERAL_NULL_CONVERSION = YES;
				CLANG_WARN_OBJC_IMPLICIT_RETAIN_SELF = YES;
				CLANG_WARN_OBJC_LITERAL_CONVERSION = YES;
				CLANG_WARN_OBJC_ROOT_CLASS = YES_ERROR;
				CLANG_WARN_QUOTED_INCLUDE_IN_FRAMEWORK_HEADER = YES;
				CLANG_WARN_RANGE_LOOP_ANALYSIS = YES;
				CLANG_WARN_STRICT_PROTOTYPES = YES;
				CLANG_WARN_SUSPICIOUS_MOVE = YES;
				CLANG_WARN_UNGUARDED_AVAILABILITY = YES_AGGRESSIVE;
				CLANG_WARN_UNREACHABLE_CODE = YES;
				CLANG_WARN__DUPLICATE_METHOD_MATCH = YES;
				COPY_PHASE_STRIP = NO;
				DEBUG_INFORMATION_FORMAT = "dwarf-with-dsym";
				ENABLE_NS_ASSERTIONS = NO;
				ENABLE_STRICT_OBJC_MSGSEND = YES;
				ENABLE_USER_SCRIPT_SANDBOXING = YES;
				GCC_C_LANGUAGE_STANDARD = gnu17;
				GCC_NO_COMMON_BLOCKS = YES;
				GCC_WARN_64_TO_32_BIT_CONVERSION = YES;
				GCC_WARN_ABOUT_RETURN_TYPE = YES_ERROR;
				GCC_WARN_UNDECLARED_SELECTOR = YES;
				GCC_WARN_UNINITIALIZED_AUTOS = YES_AGGRESSIVE;
				GCC_WARN_UNUSED_FUNCTION = YES;
				GCC_WARN_UNUSED_VARIABLE = YES;
				IPHONEOS_DEPLOYMENT_TARGET = 17.5;
				LOCALIZATION_PREFERS_STRING_CATALOGS = YES;
				MTL_ENABLE_DEBUG_INFO = NO;
				MTL_FAST_MATH = YES;
				SDKROOT = iphoneos;
				SWIFT_COMPILATION_MODE = wholemodule;
				VALIDATE_PRODUCT = YES;
			};
			name = Release;
		};
		094992E22C2BA41200675735 /* Debug */ = {
			isa = XCBuildConfiguration;
			buildSettings = {
				ASSETCATALOG_COMPILER_APPICON_NAME = AppIcon;
				ASSETCATALOG_COMPILER_GLOBAL_ACCENT_COLOR_NAME = AccentColor;
				CODE_SIGN_STYLE = Automatic;
				CURRENT_PROJECT_VERSION = 1;
				DEVELOPMENT_ASSET_PATHS = "\"MovieEntertainmentApp/Preview Content\"";
				DEVELOPMENT_TEAM = 93TAG27MAJ;
				ENABLE_PREVIEWS = YES;
				GENERATE_INFOPLIST_FILE = YES;
				INFOPLIST_KEY_UIApplicationSceneManifest_Generation = YES;
				INFOPLIST_KEY_UIApplicationSupportsIndirectInputEvents = YES;
				INFOPLIST_KEY_UILaunchScreen_Generation = YES;
				INFOPLIST_KEY_UISupportedInterfaceOrientations_iPad = "UIInterfaceOrientationPortrait UIInterfaceOrientationPortraitUpsideDown UIInterfaceOrientationLandscapeLeft UIInterfaceOrientationLandscapeRight";
				INFOPLIST_KEY_UISupportedInterfaceOrientations_iPhone = "UIInterfaceOrientationPortrait UIInterfaceOrientationLandscapeLeft UIInterfaceOrientationLandscapeRight";
				LD_RUNPATH_SEARCH_PATHS = (
					"$(inherited)",
					"@executable_path/Frameworks",
				);
				MARKETING_VERSION = 1.0;
				PRODUCT_BUNDLE_IDENTIFIER = pragmatic.MovieEntertainmentApp;
				PRODUCT_NAME = "$(TARGET_NAME)";
				SWIFT_EMIT_LOC_STRINGS = YES;
				SWIFT_VERSION = 5.0;
				TARGETED_DEVICE_FAMILY = "1,2";
			};
			name = Debug;
		};
		094992E32C2BA41200675735 /* Release */ = {
			isa = XCBuildConfiguration;
			buildSettings = {
				ASSETCATALOG_COMPILER_APPICON_NAME = AppIcon;
				ASSETCATALOG_COMPILER_GLOBAL_ACCENT_COLOR_NAME = AccentColor;
				CODE_SIGN_STYLE = Automatic;
				CURRENT_PROJECT_VERSION = 1;
				DEVELOPMENT_ASSET_PATHS = "\"MovieEntertainmentApp/Preview Content\"";
				DEVELOPMENT_TEAM = 93TAG27MAJ;
				ENABLE_PREVIEWS = YES;
				GENERATE_INFOPLIST_FILE = YES;
				INFOPLIST_KEY_UIApplicationSceneManifest_Generation = YES;
				INFOPLIST_KEY_UIApplicationSupportsIndirectInputEvents = YES;
				INFOPLIST_KEY_UILaunchScreen_Generation = YES;
				INFOPLIST_KEY_UISupportedInterfaceOrientations_iPad = "UIInterfaceOrientationPortrait UIInterfaceOrientationPortraitUpsideDown UIInterfaceOrientationLandscapeLeft UIInterfaceOrientationLandscapeRight";
				INFOPLIST_KEY_UISupportedInterfaceOrientations_iPhone = "UIInterfaceOrientationPortrait UIInterfaceOrientationLandscapeLeft UIInterfaceOrientationLandscapeRight";
				LD_RUNPATH_SEARCH_PATHS = (
					"$(inherited)",
					"@executable_path/Frameworks",
				);
				MARKETING_VERSION = 1.0;
				PRODUCT_BUNDLE_IDENTIFIER = pragmatic.MovieEntertainmentApp;
				PRODUCT_NAME = "$(TARGET_NAME)";
				SWIFT_EMIT_LOC_STRINGS = YES;
				SWIFT_VERSION = 5.0;
				TARGETED_DEVICE_FAMILY = "1,2";
			};
			name = Release;
		};
/* End XCBuildConfiguration section */

/* Begin XCConfigurationList section */
		094992CE2C2BA41000675735 /* Build configuration list for PBXProject "MovieEntertainmentApp" */ = {
			isa = XCConfigurationList;
			buildConfigurations = (
				094992DF2C2BA41200675735 /* Debug */,
				094992E02C2BA41200675735 /* Release */,
			);
			defaultConfigurationIsVisible = 0;
			defaultConfigurationName = Release;
		};
		094992E12C2BA41200675735 /* Build configuration list for PBXNativeTarget "MovieEntertainmentApp" */ = {
			isa = XCConfigurationList;
			buildConfigurations = (
				094992E22C2BA41200675735 /* Debug */,
				094992E32C2BA41200675735 /* Release */,
			);
			defaultConfigurationIsVisible = 0;
			defaultConfigurationName = Release;
		};
/* End XCConfigurationList section */
	};
	rootObject = 094992CB2C2BA41000675735 /* Project object */;
}
